{
  "name": "hashmap",
  "lockfileVersion": 3,
  "requires": true,
  "packages": {
    "": {
      "dependencies": {
        "linkedlist-gusty": "^1.0.0"
      }
    },
    "node_modules/linkedlist-gusty": {
      "version": "1.0.0",
      "resolved": "https://registry.npmjs.org/linkedlist-gusty/-/linkedlist-gusty-1.0.0.tgz",
      "integrity": "sha512-fp3Ty7qLv/ZGfiwSAbiaeZUCaTb78149EhUvtA1rxpcBN6Swx35g4HwD/ueo8XFwBIhe4o07d5W/MQ/TdZqvqA=="
    }
  }
}
